
Microsoft Visual Studio Solution File, Format Version 12.00
# Visual Studio Version 16
VisualStudioVersion = 16.0.31729.503
MinimumVisualStudioVersion = 10.0.40219.1
Project("{8BC9CEB8-8B4A-11D0-8D11-00A0C91BC942}") = "Lab2", "Lab2\Lab2.vcxproj", "{C33ADC49-A9BF-4FAB-9B94-CD8DAEF1FD76}"
EndProject
Project("{8BC9CEB8-8B4A-11D0-8D11-00A0C91BC942}") = "Lab3", "Lab3\Lab3.vcxproj", "{10A49AFD-F957-46CE-AB9C-3033FEC1A259}"
EndProject
Project("{8BC9CEB8-8B4A-11D0-8D11-00A0C91BC942}") = "Lab4", "Lab4\Lab4.vcxproj", "{8E6B1DAA-0924-4DA4-A279-06B5E1121EC7}"
EndProject
Project("{8BC9CEB8-8B4A-11D0-8D11-00A0C91BC942}") = "Lab5-Viewport", "Lab5-Viewport\Lab5-Viewport.vcxproj", "{B2B65071-606C-4467-BA59-ABF1D48191A5}"
EndProject
Project("{8BC9CEB8-8B4A-11D0-8D11-00A0C91BC942}") = "Lab5-OrthogonalProjection", "Lab5-OrthogonalProjection\Lab5-OrthogonalProjection.vcxproj", "{73142D06-F878-444D-A86E-530F3CFBBD85}"
EndProject
Project("{8BC9CEB8-8B4A-11D0-8D11-00A0C91BC942}") = "Lab5-PerspectiveProjection", "Lab5-PerspectiveProjection\Lab5-PerspectiveProjection.vcxproj", "{4E7413C8-505A-492A-837B-DB272609EE93}"
EndProject
Project("{8BC9CEB8-8B4A-11D0-8D11-00A0C91BC942}") = "Lab5-Viewing-Projection", "Lab5-Viewing-Projection\Lab5-Viewing-Projection.vcxproj", "{95DB1962-D5E1-4DFE-B7D5-0E2FDC70601C}"
EndProject
Project("{8BC9CEB8-8B4A-11D0-8D11-00A0C91BC942}") = "Lab5-Text-Transformations", "Lab5-Text-Transformations\Lab5-Text-Transformations.vcxproj", "{4CCDEF89-D488-404F-BFB5-0D4001E3B114}"
EndProject
Project("{8BC9CEB8-8B4A-11D0-8D11-00A0C91BC942}") = "Assignment1", "Assignment1\Assignment1.vcxproj", "{5942343E-9AA9-4671-8C6D-D73756361E2F}"
EndProject
Project("{8BC9CEB8-8B4A-11D0-8D11-00A0C91BC942}") = "Lab6-BezierCurves", "Lab6-BezierCurves\Lab6-BezierCurves.vcxproj", "{B8AB5AC7-D2C2-4452-9816-42DAAD45BF3A}"
EndProject
Project("{8BC9CEB8-8B4A-11D0-8D11-00A0C91BC942}") = "Lab6-BezierSurfaces", "Lab6-BezierSurfaces\Lab6-BezierSurfaces.vcxproj", "{3A4FA806-D4EB-4AC4-AC54-4528FE56C068}"
EndProject
Project("{8BC9CEB8-8B4A-11D0-8D11-00A0C91BC942}") = "ArtBoard", "ArtBoard\ArtBoard.vcxproj", "{607F88C9-9F48-44E4-A08F-5DA5682B8E25}"
EndProject
Global
	GlobalSection(SolutionConfigurationPlatforms) = preSolution
		Debug|x64 = Debug|x64
		Debug|x86 = Debug|x86
		Release|x64 = Release|x64
		Release|x86 = Release|x86
	EndGlobalSection
	GlobalSection(ProjectConfigurationPlatforms) = postSolution
		{C33ADC49-A9BF-4FAB-9B94-CD8DAEF1FD76}.Debug|x64.ActiveCfg = Debug|x64
		{C33ADC49-A9BF-4FAB-9B94-CD8DAEF1FD76}.Debug|x64.Build.0 = Debug|x64
		{C33ADC49-A9BF-4FAB-9B94-CD8DAEF1FD76}.Debug|x86.ActiveCfg = Debug|Win32
		{C33ADC49-A9BF-4FAB-9B94-CD8DAEF1FD76}.Debug|x86.Build.0 = Debug|Win32
		{C33ADC49-A9BF-4FAB-9B94-CD8DAEF1FD76}.Release|x64.ActiveCfg = Release|x64
		{C33ADC49-A9BF-4FAB-9B94-CD8DAEF1FD76}.Release|x64.Build.0 = Release|x64
		{C33ADC49-A9BF-4FAB-9B94-CD8DAEF1FD76}.Release|x86.ActiveCfg = Release|Win32
		{C33ADC49-A9BF-4FAB-9B94-CD8DAEF1FD76}.Release|x86.Build.0 = Release|Win32
		{10A49AFD-F957-46CE-AB9C-3033FEC1A259}.Debug|x64.ActiveCfg = Debug|x64
		{10A49AFD-F957-46CE-AB9C-3033FEC1A259}.Debug|x64.Build.0 = Debug|x64
		{10A49AFD-F957-46CE-AB9C-3033FEC1A259}.Debug|x86.ActiveCfg = Debug|Win32
		{10A49AFD-F957-46CE-AB9C-3033FEC1A259}.Debug|x86.Build.0 = Debug|Win32
		{10A49AFD-F957-46CE-AB9C-3033FEC1A259}.Release|x64.ActiveCfg = Release|x64
		{10A49AFD-F957-46CE-AB9C-3033FEC1A259}.Release|x64.Build.0 = Release|x64
		{10A49AFD-F957-46CE-AB9C-3033FEC1A259}.Release|x86.ActiveCfg = Release|Win32
		{10A49AFD-F957-46CE-AB9C-3033FEC1A259}.Release|x86.Build.0 = Release|Win32
		{8E6B1DAA-0924-4DA4-A279-06B5E1121EC7}.Debug|x64.ActiveCfg = Debug|x64
		{8E6B1DAA-0924-4DA4-A279-06B5E1121EC7}.Debug|x64.Build.0 = Debug|x64
		{8E6B1DAA-0924-4DA4-A279-06B5E1121EC7}.Debug|x86.ActiveCfg = Debug|Win32
		{8E6B1DAA-0924-4DA4-A279-06B5E1121EC7}.Debug|x86.Build.0 = Debug|Win32
		{8E6B1DAA-0924-4DA4-A279-06B5E1121EC7}.Release|x64.ActiveCfg = Release|x64
		{8E6B1DAA-0924-4DA4-A279-06B5E1121EC7}.Release|x64.Build.0 = Release|x64
		{8E6B1DAA-0924-4DA4-A279-06B5E1121EC7}.Release|x86.ActiveCfg = Release|Win32
		{8E6B1DAA-0924-4DA4-A279-06B5E1121EC7}.Release|x86.Build.0 = Release|Win32
		{B2B65071-606C-4467-BA59-ABF1D48191A5}.Debug|x64.ActiveCfg = Debug|x64
		{B2B65071-606C-4467-BA59-ABF1D48191A5}.Debug|x64.Build.0 = Debug|x64
		{B2B65071-606C-4467-BA59-ABF1D48191A5}.Debug|x86.ActiveCfg = Debug|Win32
		{B2B65071-606C-4467-BA59-ABF1D48191A5}.Debug|x86.Build.0 = Debug|Win32
		{B2B65071-606C-4467-BA59-ABF1D48191A5}.Release|x64.ActiveCfg = Release|x64
		{B2B65071-606C-4467-BA59-ABF1D48191A5}.Release|x64.Build.0 = Release|x64
		{B2B65071-606C-4467-BA59-ABF1D48191A5}.Release|x86.ActiveCfg = Release|Win32
		{B2B65071-606C-4467-BA59-ABF1D48191A5}.Release|x86.Build.0 = Release|Win32
		{73142D06-F878-444D-A86E-530F3CFBBD85}.Debug|x64.ActiveCfg = Debug|x64
		{73142D06-F878-444D-A86E-530F3CFBBD85}.Debug|x64.Build.0 = Debug|x64
		{73142D06-F878-444D-A86E-530F3CFBBD85}.Debug|x86.ActiveCfg = Debug|Win32
		{73142D06-F878-444D-A86E-530F3CFBBD85}.Debug|x86.Build.0 = Debug|Win32
		{73142D06-F878-444D-A86E-530F3CFBBD85}.Release|x64.ActiveCfg = Release|x64
		{73142D06-F878-444D-A86E-530F3CFBBD85}.Release|x64.Build.0 = Release|x64
		{73142D06-F878-444D-A86E-530F3CFBBD85}.Release|x86.ActiveCfg = Release|Win32
		{73142D06-F878-444D-A86E-530F3CFBBD85}.Release|x86.Build.0 = Release|Win32
		{4E7413C8-505A-492A-837B-DB272609EE93}.Debug|x64.ActiveCfg = Debug|x64
		{4E7413C8-505A-492A-837B-DB272609EE93}.Debug|x64.Build.0 = Debug|x64
		{4E7413C8-505A-492A-837B-DB272609EE93}.Debug|x86.ActiveCfg = Debug|Win32
		{4E7413C8-505A-492A-837B-DB272609EE93}.Debug|x86.Build.0 = Debug|Win32
		{4E7413C8-505A-492A-837B-DB272609EE93}.Release|x64.ActiveCfg = Release|x64
		{4E7413C8-505A-492A-837B-DB272609EE93}.Release|x64.Build.0 = Release|x64
		{4E7413C8-505A-492A-837B-DB272609EE93}.Release|x86.ActiveCfg = Release|Win32
		{4E7413C8-505A-492A-837B-DB272609EE93}.Release|x86.Build.0 = Release|Win32
		{95DB1962-D5E1-4DFE-B7D5-0E2FDC70601C}.Debug|x64.ActiveCfg = Debug|x64
		{95DB1962-D5E1-4DFE-B7D5-0E2FDC70601C}.Debug|x64.Build.0 = Debug|x64
		{95DB1962-D5E1-4DFE-B7D5-0E2FDC70601C}.Debug|x86.ActiveCfg = Debug|Win32
		{95DB1962-D5E1-4DFE-B7D5-0E2FDC70601C}.Debug|x86.Build.0 = Debug|Win32
		{95DB1962-D5E1-4DFE-B7D5-0E2FDC70601C}.Release|x64.ActiveCfg = Release|x64
		{95DB1962-D5E1-4DFE-B7D5-0E2FDC70601C}.Release|x64.Build.0 = Release|x64
		{95DB1962-D5E1-4DFE-B7D5-0E2FDC70601C}.Release|x86.ActiveCfg = Release|Win32
		{95DB1962-D5E1-4DFE-B7D5-0E2FDC70601C}.Release|x86.Build.0 = Release|Win32
		{4CCDEF89-D488-404F-BFB5-0D4001E3B114}.Debug|x64.ActiveCfg = Debug|x64
		{4CCDEF89-D488-404F-BFB5-0D4001E3B114}.Debug|x64.Build.0 = Debug|x64
		{4CCDEF89-D488-404F-BFB5-0D4001E3B114}.Debug|x86.ActiveCfg = Debug|Win32
		{4CCDEF89-D488-404F-BFB5-0D4001E3B114}.Debug|x86.Build.0 = Debug|Win32
		{4CCDEF89-D488-404F-BFB5-0D4001E3B114}.Release|x64.ActiveCfg = Release|x64
		{4CCDEF89-D488-404F-BFB5-0D4001E3B114}.Release|x64.Build.0 = Release|x64
		{4CCDEF89-D488-404F-BFB5-0D4001E3B114}.Release|x86.ActiveCfg = Release|Win32
		{4CCDEF89-D488-404F-BFB5-0D4001E3B114}.Release|x86.Build.0 = Release|Win32
		{5942343E-9AA9-4671-8C6D-D73756361E2F}.Debug|x64.ActiveCfg = Debug|x64
		{5942343E-9AA9-4671-8C6D-D73756361E2F}.Debug|x64.Build.0 = Debug|x64
		{5942343E-9AA9-4671-8C6D-D73756361E2F}.Debug|x86.ActiveCfg = Debug|Win32
		{5942343E-9AA9-4671-8C6D-D73756361E2F}.Debug|x86.Build.0 = Debug|Win32
		{5942343E-9AA9-4671-8C6D-D73756361E2F}.Release|x64.ActiveCfg = Release|x64
		{5942343E-9AA9-4671-8C6D-D73756361E2F}.Release|x64.Build.0 = Release|x64
		{5942343E-9AA9-4671-8C6D-D73756361E2F}.Release|x86.ActiveCfg = Release|Win32
		{5942343E-9AA9-4671-8C6D-D73756361E2F}.Release|x86.Build.0 = Release|Win32
		{B8AB5AC7-D2C2-4452-9816-42DAAD45BF3A}.Debug|x64.ActiveCfg = Debug|x64
		{B8AB5AC7-D2C2-4452-9816-42DAAD45BF3A}.Debug|x64.Build.0 = Debug|x64
		{B8AB5AC7-D2C2-4452-9816-42DAAD45BF3A}.Debug|x86.ActiveCfg = Debug|Win32
		{B8AB5AC7-D2C2-4452-9816-42DAAD45BF3A}.Debug|x86.Build.0 = Debug|Win32
		{B8AB5AC7-D2C2-4452-9816-42DAAD45BF3A}.Release|x64.ActiveCfg = Release|x64
		{B8AB5AC7-D2C2-4452-9816-42DAAD45BF3A}.Release|x64.Build.0 = Release|x64
		{B8AB5AC7-D2C2-4452-9816-42DAAD45BF3A}.Release|x86.ActiveCfg = Release|Win32
		{B8AB5AC7-D2C2-4452-9816-42DAAD45BF3A}.Release|x86.Build.0 = Release|Win32
		{3A4FA806-D4EB-4AC4-AC54-4528FE56C068}.Debug|x64.ActiveCfg = Debug|x64
		{3A4FA806-D4EB-4AC4-AC54-4528FE56C068}.Debug|x64.Build.0 = Debug|x64
		{3A4FA806-D4EB-4AC4-AC54-4528FE56C068}.Debug|x86.ActiveCfg = Debug|Win32
		{3A4FA806-D4EB-4AC4-AC54-4528FE56C068}.Debug|x86.Build.0 = Debug|Win32
		{3A4FA806-D4EB-4AC4-AC54-4528FE56C068}.Release|x64.ActiveCfg = Release|x64
		{3A4FA806-D4EB-4AC4-AC54-4528FE56C068}.Release|x64.Build.0 = Release|x64
		{3A4FA806-D4EB-4AC4-AC54-4528FE56C068}.Release|x86.ActiveCfg = Release|Win32
		{3A4FA806-D4EB-4AC4-AC54-4528FE56C068}.Release|x86.Build.0 = Release|Win32
		{607F88C9-9F48-44E4-A08F-5DA5682B8E25}.Debug|x64.ActiveCfg = Debug|x64
		{607F88C9-9F48-44E4-A08F-5DA5682B8E25}.Debug|x64.Build.0 = Debug|x64
		{607F88C9-9F48-44E4-A08F-5DA5682B8E25}.Debug|x86.ActiveCfg = Debug|Win32
		{607F88C9-9F48-44E4-A08F-5DA5682B8E25}.Debug|x86.Build.0 = Debug|Win32
		{607F88C9-9F48-44E4-A08F-5DA5682B8E25}.Release|x64.ActiveCfg = Release|x64
		{607F88C9-9F48-44E4-A08F-5DA5682B8E25}.Release|x64.Build.0 = Release|x64
		{607F88C9-9F48-44E4-A08F-5DA5682B8E25}.Release|x86.ActiveCfg = Release|Win32
		{607F88C9-9F48-44E4-A08F-5DA5682B8E25}.Release|x86.Build.0 = Release|Win32
	EndGlobalSection
	GlobalSection(SolutionProperties) = preSolution
		HideSolutionNode = FALSE
	EndGlobalSection
	GlobalSection(ExtensibilityGlobals) = postSolution
		SolutionGuid = {EE250D4F-E9FD-473E-945F-C8D16E5D24E8}
	EndGlobalSection
EndGlobal
